// !$*UTF8*$!
{
	archiveVersion = 1;
	classes = {
	};
	objectVersion = 46;
	objects = {

/* Begin PBXBuildFile section */
		DBCA9E351B22174B0091A0A6 /* main.m in Sources */ = {isa = PBXBuildFile; fileRef = DBCA9E341B22174B0091A0A6 /* main.m */; };
		DBCA9E381B22174B0091A0A6 /* AppDelegate.m in Sources */ = {isa = PBXBuildFile; fileRef = DBCA9E371B22174B0091A0A6 /* AppDelegate.m */; };
		DBCA9E3B1B22174B0091A0A6 /* ViewController.m in Sources */ = {isa = PBXBuildFile; fileRef = DBCA9E3A1B22174B0091A0A6 /* ViewController.m */; };
		DBCA9E3E1B22174B0091A0A6 /* Main.storyboard in Resources */ = {isa = PBXBuildFile; fileRef = DBCA9E3C1B22174B0091A0A6 /* Main.storyboard */; };
		DBCA9E401B22174B0091A0A6 /* Images.xcassets in Resources */ = {isa = PBXBuildFile; fileRef = DBCA9E3F1B22174B0091A0A6 /* Images.xcassets */; };
		DBCA9E431B22174B0091A0A6 /* LaunchScreen.xib in Resources */ = {isa = PBXBuildFile; fileRef = DBCA9E411B22174B0091A0A6 /* LaunchScreen.xib */; };
		DBCA9E4F1B22174B0091A0A6 /* testMonsoonTests.m in Sources */ = {isa = PBXBuildFile; fileRef = DBCA9E4E1B22174B0091A0A6 /* testMonsoonTests.m */; };
/* End PBXBuildFile section */

/* Begin PBXContainerItemProxy section */
		DBCA9E491B22174B0091A0A6 /* PBXContainerItemProxy */ = {
			isa = PBXContainerItemProxy;
			containerPortal = DBCA9E271B22174B0091A0A6 /* Project object */;
			proxyType = 1;
			remoteGlobalIDString = DBCA9E2E1B22174B0091A0A6;
			remoteInfo = testMonsoon;
		};
/* End PBXContainerItemProxy section */

/* Begin PBXFileReference section */
		DBCA9E2F1B22174B0091A0A6 /* testMonsoon.app */ = {isa = PBXFileReference; explicitFileType = wrapper.application; includeInIndex = 0; path = testMonsoon.app; sourceTree = BUILT_PRODUCTS_DIR; };
		DBCA9E331B22174B0091A0A6 /* Info.plist */ = {isa = PBXFileReference; lastKnownFileType = text.plist.xml; path = Info.plist; sourceTree = "<group>"; };
		DBCA9E341B22174B0091A0A6 /* main.m */ = {isa = PBXFileReference; lastKnownFileType = sourcecode.c.objc; path = main.m; sourceTree = "<group>"; };
		DBCA9E361B22174B0091A0A6 /* AppDelegate.h */ = {isa = PBXFileReference; lastKnownFileType = sourcecode.c.h; path = AppDelegate.h; sourceTree = "<group>"; };
		DBCA9E371B22174B0091A0A6 /* AppDelegate.m */ = {isa = PBXFileReference; lastKnownFileType = sourcecode.c.objc; path = AppDelegate.m; sourceTree = "<group>"; };
		DBCA9E391B22174B0091A0A6 /* ViewController.h */ = {isa = PBXFileReference; lastKnownFileType = sourcecode.c.h; path = ViewController.h; sourceTree = "<group>"; };
		DBCA9E3A1B22174B0091A0A6 /* ViewController.m */ = {isa = PBXFileReference; lastKnownFileType = sourcecode.c.objc; path = ViewController.m; sourceTree = "<group>"; };
		DBCA9E3D1B22174B0091A0A6 /* Base */ = {isa = PBXFileReference; lastKnownFileType = file.storyboard; name = Base; path = Base.lproj/Main.storyboard; sourceTree = "<group>"; };
		DBCA9E3F1B22174B0091A0A6 /* Images.xcassets */ = {isa = PBXFileReference; lastKnownFileType = folder.assetcatalog; path = Images.xcassets; sourceTree = "<group>"; };
		DBCA9E421B22174B0091A0A6 /* Base */ = {isa = PBXFileReference; lastKnownFileType = file.xib; name = Base; path = Base.lproj/LaunchScreen.xib; sourceTree = "<group>"; };
		DBCA9E481B22174B0091A0A6 /* testMonsoonTests.xctest */ = {isa = PBXFileReference; explicitFileType = wrapper.cfbundle; includeInIndex = 0; path = testMonsoonTests.xctest; sourceTree = BUILT_PRODUCTS_DIR; };
		DBCA9E4D1B22174B0091A0A6 /* Info.plist */ = {isa = PBXFileReference; lastKnownFileType = text.plist.xml; path = Info.plist; sourceTree = "<group>"; };
		DBCA9E4E1B22174B0091A0A6 /* testMonsoonTests.m */ = {isa = PBXFileReference; lastKnownFileType = sourcecode.c.objc; path = testMonsoonTests.m; sourceTree = "<group>"; };
/* End PBXFileReference section */

/* Begin PBXFrameworksBuildPhase section */
		DBCA9E2C1B22174B0091A0A6 /* Frameworks */ = {
			isa = PBXFrameworksBuildPhase;
			buildActionMask = 2147483647;
			files = (
			);
			runOnlyForDeploymentPostprocessing = 0;
		};
		DBCA9E451B22174B0091A0A6 /* Frameworks */ = {
			isa = PBXFrameworksBuildPhase;
			buildActionMask = 2147483647;
			files = (
			);
			runOnlyForDeploymentPostprocessing = 0;
		};
/* End PBXFrameworksBuildPhase section */

/* Begin PBXGroup section */
		DBCA9E261B22174B0091A0A6 = {
			isa = PBXGroup;
			children = (
				DBCA9E311B22174B0091A0A6 /* testMonsoon */,
				DBCA9E4B1B22174B0091A0A6 /* testMonsoonTests */,
				DBCA9E301B22174B0091A0A6 /* Products */,
			);
			sourceTree = "<group>";
		};
		DBCA9E301B22174B0091A0A6 /* Products */ = {
			isa = PBXGroup;
			children = (
				DBCA9E2F1B22174B0091A0A6 /* testMonsoon.app */,
				DBCA9E481B22174B0091A0A6 /* testMonsoonTests.xctest */,
			);
			name = Products;
			sourceTree = "<group>";
		};
		DBCA9E311B22174B0091A0A6 /* testMonsoon */ = {
			isa = PBXGroup;
			children = (
				DBCA9E361B22174B0091A0A6 /* AppDelegate.h */,
				DBCA9E371B22174B0091A0A6 /* AppDelegate.m */,
				DBCA9E391B22174B0091A0A6 /* ViewController.h */,
				DBCA9E3A1B22174B0091A0A6 /* ViewController.m */,
				DBCA9E3C1B22174B0091A0A6 /* Main.storyboard */,
				DBCA9E3F1B22174B0091A0A6 /* Images.xcassets */,
				DBCA9E411B22174B0091A0A6 /* LaunchScreen.xib */,
				DBCA9E321B22174B0091A0A6 /* Supporting Files */,
			);
			path = testMonsoon;
			sourceTree = "<group>";
		};
		DBCA9E321B22174B0091A0A6 /* Supporting Files */ = {
			isa = PBXGroup;
			children = (
				DBCA9E331B22174B0091A0A6 /* Info.plist */,
				DBCA9E341B22174B0091A0A6 /* main.m */,
			);
			name = "Supporting Files";
			sourceTree = "<group>";
		};
		DBCA9E4B1B22174B0091A0A6 /* testMonsoonTests */ = {
			isa = PBXGroup;
			children = (
				DBCA9E4E1B22174B0091A0A6 /* testMonsoonTests.m */,
				DBCA9E4C1B22174B0091A0A6 /* Supporting Files */,
			);
			path = testMonsoonTests;
			sourceTree = "<group>";
		};
		DBCA9E4C1B22174B0091A0A6 /* Supporting Files */ = {
			isa = PBXGroup;
			children = (
				DBCA9E4D1B22174B0091A0A6 /* Info.plist */,
			);
			name = "Supporting Files";
			sourceTree = "<group>";
		};
/* End PBXGroup section */

/* Begin PBXNativeTarget section */
		DBCA9E2E1B22174B0091A0A6 /* testMonsoon */ = {
			isa = PBXNativeTarget;
			buildConfigurationList = DBCA9E521B22174B0091A0A6 /* Build configuration list for PBXNativeTarget "testMonsoon" */;
			buildPhases = (
				DBCA9E2B1B22174B0091A0A6 /* Sources */,
				DBCA9E2C1B22174B0091A0A6 /* Frameworks */,
				DBCA9E2D1B22174B0091A0A6 /* Resources */,
			);
			buildRules = (
			);
			dependencies = (
			);
			name = testMonsoon;
			productName = testMonsoon;
			productReference = DBCA9E2F1B22174B0091A0A6 /* testMonsoon.app */;
			productType = "com.apple.product-type.application";
		};
		DBCA9E471B22174B0091A0A6 /* testMonsoonTests */ = {
			isa = PBXNativeTarget;
			buildConfigurationList = DBCA9E551B22174B0091A0A6 /* Build configuration list for PBXNativeTarget "testMonsoonTests" */;
			buildPhases = (
				DBCA9E441B22174B0091A0A6 /* Sources */,
				DBCA9E451B22174B0091A0A6 /* Frameworks */,
				DBCA9E461B22174B0091A0A6 /* Resources */,
			);
			buildRules = (
			);
			dependencies = (
				DBCA9E4A1B22174B0091A0A6 /* PBXTargetDependency */,
			);
			name = testMonsoonTests;
			productName = testMonsoonTests;
			productReference = DBCA9E481B22174B0091A0A6 /* testMonsoonTests.xctest */;
			productType = "com.apple.product-type.bundle.unit-test";
		};
/* End PBXNativeTarget section */

/* Begin PBXProject section */
		DBCA9E271B22174B0091A0A6 /* Project object */ = {
			isa = PBXProject;
			attributes = {
				LastUpgradeCheck = 0600;
				ORGANIZATIONNAME = Mertin;
				TargetAttributes = {
					DBCA9E2E1B22174B0091A0A6 = {
						CreatedOnToolsVersion = 6.0;
					};
					DBCA9E471B22174B0091A0A6 = {
						CreatedOnToolsVersion = 6.0;
						TestTargetID = DBCA9E2E1B22174B0091A0A6;
					};
				};
			};
			buildConfigurationList = DBCA9E2A1B22174B0091A0A6 /* Build configuration list for PBXProject "testMonsoon" */;
			compatibilityVersion = "Xcode 3.2";
			developmentRegion = English;
			hasScannedForEncodings = 0;
			knownRegions = (
				en,
				Base,
			);
			mainGroup = DBCA9E261B22174B0091A0A6;
			productRefGroup = DBCA9E301B22174B0091A0A6 /* Products */;
			projectDirPath = "";
			projectRoot = "";
			targets = (
				DBCA9E2E1B22174B0091A0A6 /* testMonsoon */,
				DBCA9E471B22174B0091A0A6 /* testMonsoonTests */,
			);
		};
/* End PBXProject section */

/* Begin PBXResourcesBuildPhase section */
		DBCA9E2D1B22174B0091A0A6 /* Resources */ = {
			isa = PBXResourcesBuildPhase;
			buildActionMask = 2147483647;
			files = (
				DBCA9E3E1B22174B0091A0A6 /* Main.storyboard in Resources */,
				DBCA9E431B22174B0091A0A6 /* LaunchScreen.xib in Resources */,
				DBCA9E401B22174B0091A0A6 /* Images.xcassets in Resources */,
			);
			runOnlyForDeploymentPostprocessing = 0;
		};
		DBCA9E461B22174B0091A0A6 /* Resources */ = {
			isa = PBXResourcesBuildPhase;
			buildActionMask = 2147483647;
			files = (
			);
			runOnlyForDeploymentPostprocessing = 0;
		};
/* End PBXResourcesBuildPhase section */

/* Begin PBXSourcesBuildPhase section */
		DBCA9E2B1B22174B0091A0A6 /* Sources */ = {
			isa = PBXSourcesBuildPhase;
			buildActionMask = 2147483647;
			files = (
				DBCA9E3B1B22174B0091A0A6 /* ViewController.m in Sources */,
				DBCA9E381B22174B0091A0A6 /* AppDelegate.m in Sources */,
				DBCA9E351B22174B0091A0A6 /* main.m in Sources */,
			);
			runOnlyForDeploymentPostprocessing = 0;
		};
		DBCA9E441B22174B0091A0A6 /* Sources */ = {
			isa = PBXSourcesBuildPhase;
			buildActionMask = 2147483647;
			files = (
				DBCA9E4F1B22174B0091A0A6 /* testMonsoonTests.m in Sources */,
			);
			runOnlyForDeploymentPostprocessing = 0;
		};
/* End PBXSourcesBuildPhase section */

/* Begin PBXTargetDependency section */
		DBCA9E4A1B22174B0091A0A6 /* PBXTargetDependency */ = {
			isa = PBXTargetDependency;
			target = DBCA9E2E1B22174B0091A0A6 /* testMonsoon */;
			targetProxy = DBCA9E491B22174B0091A0A6 /* PBXContainerItemProxy */;
		};
/* End PBXTargetDependency section */

/* Begin PBXVariantGroup section */
		DBCA9E3C1B22174B0091A0A6 /* Main.storyboard */ = {
			isa = PBXVariantGroup;
			children = (
				DBCA9E3D1B22174B0091A0A6 /* Base */,
			);
			name = Main.storyboard;
			sourceTree = "<group>";
		};
		DBCA9E411B22174B0091A0A6 /* LaunchScreen.xib */ = {
			isa = PBXVariantGroup;
			children = (
				DBCA9E421B22174B0091A0A6 /* Base */,
			);
			name = LaunchScreen.xib;
			sourceTree = "<group>";
		};
/* End PBXVariantGroup section */

/* Begin XCBuildConfiguration section */
		DBCA9E501B22174B0091A0A6 /* Debug */ = {
			isa = XCBuildConfiguration;
			buildSettings = {
				ALWAYS_SEARCH_USER_PATHS = NO;
				CLANG_CXX_LANGUAGE_STANDARD = "gnu++0x";
				CLANG_CXX_LIBRARY = "libc++";
				CLANG_ENABLE_MODULES = YES;
				CLANG_ENABLE_OBJC_ARC = YES;
				CLANG_WARN_BOOL_CONVERSION = YES;
				CLANG_WARN_CONSTANT_CONVERSION = YES;
				CLANG_WARN_DIRECT_OBJC_ISA_USAGE = YES_ERROR;
				CLANG_WARN_EMPTY_BODY = YES;
				CLANG_WARN_ENUM_CONVERSION = YES;
				CLANG_WARN_INT_CONVERSION = YES;
				CLANG_WARN_OBJC_ROOT_CLASS = YES_ERROR;
				CLANG_WARN_UNREACHABLE_CODE = YES;
				CLANG_WARN__DUPLICATE_METHOD_MATCH = YES;
				"CODE_SIGN_IDENTITY[sdk=iphoneos*]" = "iPhone Developer";
				COPY_PHASE_STRIP = NO;
				ENABLE_STRICT_OBJC_MSGSEND = YES;
				GCC_C_LANGUAGE_STANDARD = gnu99;
				GCC_DYNAMIC_NO_PIC = NO;
				GCC_OPTIMIZATION_LEVEL = 0;
				GCC_PREPROCESSOR_DEFINITIONS = (
					"DEBUG=1",
					"$(inherited)",
				);
				GCC_SYMBOLS_PRIVATE_EXTERN = NO;
				GCC_WARN_64_TO_32_BIT_CONVERSION = YES;
				GCC_WARN_ABOUT_RETURN_TYPE = YES_ERROR;
				GCC_WARN_UNDECLARED_SELECTOR = YES;
				GCC_WARN_UNINITIALIZED_AUTOS = YES_AGGRESSIVE;
				GCC_WARN_UNUSED_FUNCTION = YES;
				GCC_WARN_UNUSED_VARIABLE = YES;
				IPHONEOS_DEPLOYMENT_TARGET = 8.0;
				MTL_ENABLE_DEBUG_INFO = YES;
				ONLY_ACTIVE_ARCH = YES;
				SDKROOT = iphoneos;
			};
			name = Debug;
		};
		DBCA9E511B22174B0091A0A6 /* Release */ = {
			isa = XCBuildConfiguration;
			buildSettings = {
				ALWAYS_SEARCH_USER_PATHS = NO;
				CLANG_CXX_LANGUAGE_STANDARD = "gnu++0x";
				CLANG_CXX_LIBRARY = "libc++";
				CLANG_ENABLE_MODULES = YES;
				CLANG_ENABLE_OBJC_ARC = YES;
				CLANG_WARN_BOOL_CONVERSION = YES;
				CLANG_WARN_CONSTANT_CONVERSION = YES;
				CLANG_WARN_DIRECT_OBJC_ISA_USAGE = YES_ERROR;
				CLANG_WARN_EMPTY_BODY = YES;
				CLANG_WARN_ENUM_CONVERSION = YES;
				CLANG_WARN_INT_CONVERSION = YES;
				CLANG_WARN_OBJC_ROOT_CLASS = YES_ERROR;
				CLANG_WARN_UNREACHABLE_CODE = YES;
				CLANG_WARN__DUPLICATE_METHOD_MATCH = YES;
				"CODE_SIGN_IDENTITY[sdk=iphoneos*]" = "iPhone Developer";
				COPY_PHASE_STRIP = YES;
				ENABLE_NS_ASSERTIONS = NO;
				ENABLE_STRICT_OBJC_MSGSEND = YES;
				GCC_C_LANGUAGE_STANDARD = gnu99;
				GCC_WARN_64_TO_32_BIT_CONVERSION = YES;
				GCC_WARN_ABOUT_RETURN_TYPE = YES_ERROR;
				GCC_WARN_UNDECLARED_SELECTOR = YES;
				GCC_WARN_UNINITIALIZED_AUTOS = YES_AGGRESSIVE;
				GCC_WARN_UNUSED_FUNCTION = YES;
				GCC_WARN_UNUSED_VARIABLE = YES;
				IPHONEOS_DEPLOYMENT_TARGET = 8.0;
				MTL_ENABLE_DEBUG_INFO = NO;
				SDKROOT = iphoneos;
				VALIDATE_PRODUCT = YES;
			};
			name = Release;
		};
		DBCA9E531B22174B0091A0A6 /* Debug */ = {
			isa = XCBuildConfiguration;
			buildSettings = {
				ASSETCATALOG_COMPILER_APPICON_NAME = AppIcon;
				INFOPLIST_FILE = testMonsoon/Info.plist;
				LD_RUNPATH_SEARCH_PATHS = "$(inherited) @executable_path/Frameworks";
				PRODUCT_NAME = "$(TARGET_NAME)";
			};
			name = Debug;
		};
		DBCA9E541B22174B0091A0A6 /* Release */ = {
			isa = XCBuildConfiguration;
			buildSettings = {
				ASSETCATALOG_COMPILER_APPICON_NAME = AppIcon;
				INFOPLIST_FILE = testMonsoon/Info.plist;
				LD_RUNPATH_SEARCH_PATHS = "$(inherited) @executable_path/Frameworks";
				PRODUCT_NAME = "$(TARGET_NAME)";
			};
			name = Release;
		};
		DBCA9E561B22174B0091A0A6 /* Debug */ = {
			isa = XCBuildConfiguration;
			buildSettings = {
				BUNDLE_LOADER = "$(TEST_HOST)";
				FRAMEWORK_SEARCH_PATHS = (
					"$(SDKROOT)/Developer/Library/Frameworks",
					"$(inherited)",
				);
				GCC_PREPROCESSOR_DEFINITIONS = (
					"DEBUG=1",
					"$(inherited)",
				);
				INFOPLIST_FILE = testMonsoonTests/Info.plist;
				LD_RUNPATH_SEARCH_PATHS = "$(inherited) @executable_path/Frameworks @loader_path/Frameworks";
				PRODUCT_NAME = "$(TARGET_NAME)";
				TEST_HOST = "$(BUILT_PRODUCTS_DIR)/testMonsoon.app/testMonsoon";
			};
			name = Debug;
		};
		DBCA9E571B22174B0091A0A6 /* Release */ = {
			isa = XCBuildConfiguration;
			buildSettings = {
				BUNDLE_LOADER = "$(TEST_HOST)";
				FRAMEWORK_SEARCH_PATHS = (
					"$(SDKROOT)/Developer/Library/Frameworks",
					"$(inherited)",
				);
				INFOPLIST_FILE = testMonsoonTests/Info.plist;
				LD_RUNPATH_SEARCH_PATHS = "$(inherited) @executable_path/Frameworks @loader_path/Frameworks";
				PRODUCT_NAME = "$(TARGET_NAME)";
				TEST_HOST = "$(BUILT_PRODUCTS_DIR)/testMonsoon.app/testMonsoon";
			};
			name = Release;
		};
/* End XCBuildConfiguration section */

/* Begin XCConfigurationList section */
		DBCA9E2A1B22174B0091A0A6 /* Build configuration list for PBXProject "testMonsoon" */ = {
			isa = XCConfigurationList;
			buildConfigurations = (
				DBCA9E501B22174B0091A0A6 /* Debug */,
				DBCA9E511B22174B0091A0A6 /* Release */,
			);
			defaultConfigurationIsVisible = 0;
			defaultConfigurationName = Release;
		};
		DBCA9E521B22174B0091A0A6 /* Build configuration list for PBXNativeTarget "testMonsoon" */ = {
			isa = XCConfigurationList;
			buildConfigurations = (
				DBCA9E531B22174B0091A0A6 /* Debug */,
				DBCA9E541B22174B0091A0A6 /* Release */,
			);
			defaultConfigurationIsVisible = 0;
		};
		DBCA9E551B22174B0091A0A6 /* Build configuration list for PBXNativeTarget "testMonsoonTests" */ = {
			isa = XCConfigurationList;
			buildConfigurations = (
				DBCA9E561B22174B0091A0A6 /* Debug */,
				DBCA9E571B22174B0091A0A6 /* Release */,
			);
			defaultConfigurationIsVisible = 0;
		};
/* End XCConfigurationList section */
	};
	rootObject = DBCA9E271B22174B0091A0A6 /* Project object */;
}
